
Microsoft Visual Studio Solution File, Format Version 12.00
Project("{FAE04EC0-301F-11D3-BF4B-00C04F79EFBC}") = "Jump", "Jump.csproj", "{45DB7744-3ED7-4F75-9EDC-3421D581DAC7}"
EndProject
Global
	GlobalSection(SolutionConfigurationPlatforms) = preSolution
		Debug|Any CPU = Debug|Any CPU
		Release|Any CPU = Release|Any CPU
	EndGlobalSection
	GlobalSection(ProjectConfigurationPlatforms) = postSolution
		{45DB7744-3ED7-4F75-9EDC-3421D581DAC7}.Debug|Any CPU.ActiveCfg = Debug|Any CPU
		{45DB7744-3ED7-4F75-9EDC-3421D581DAC7}.Debug|Any CPU.Build.0 = Debug|Any CPU
		{45DB7744-3ED7-4F75-9EDC-3421D581DAC7}.Release|Any CPU.ActiveCfg = Release|Any CPU
		{45DB7744-3ED7-4F75-9EDC-3421D581DAC7}.Release|Any CPU.Build.0 = Release|Any CPU
	EndGlobalSection
EndGlobal
